# This file is autogenerated, do not edit; changes may be undone by the next 'dep ensure'.


[[projects]]
  branch = "master"
  name = "github.com/Pallinder/go-randomdata"
  packages = ["."]
  revision = "dab270d296c6c8fb98de3b4334bbd7d7b0ceca53"

[solve-meta]
  analyzer-name = "dep"
  analyzer-version = 1
  inputs-digest = "e6e2d6de0061d2a1b440540b2f29c234d278fa1f9eb250462132e48ce1cdc4d7"
  solver-name = "gps-cdcl"
  solver-version = 1
